// !$*UTF8*$!
{
	archiveVersion = 1;
	classes = {
	};
	objectVersion = 77;
	objects = {

/* Begin PBXContainerItemProxy section */
		F3084F7C2D5D015100C672A7 /* PBXContainerItemProxy */ = {
			isa = PBXContainerItemProxy;
			containerPortal = F3084F5D2D5D015000C672A7 /* Project object */;
			proxyType = 1;
			remoteGlobalIDString = F3084F642D5D015000C672A7;
			remoteInfo = "Layout Test";
		};
		F3084F862D5D015100C672A7 /* PBXContainerItemProxy */ = {
			isa = PBXContainerItemProxy;
			containerPortal = F3084F5D2D5D015000C672A7 /* Project object */;
			proxyType = 1;
			remoteGlobalIDString = F3084F642D5D015000C672A7;
			remoteInfo = "Layout Test";
		};
/* End PBXContainerItemProxy section */

/* Begin PBXFileReference section */
		F3084F652D5D015000C672A7 /* Layout Test.app */ = {isa = PBXFileReference; explicitFileType = wrapper.application; includeInIndex = 0; path = "Layout Test.app"; sourceTree = BUILT_PRODUCTS_DIR; };
		F3084F7B2D5D015100C672A7 /* Layout TestTests.xctest */ = {isa = PBXFileReference; explicitFileType = wrapper.cfbundle; includeInIndex = 0; path = "Layout TestTests.xctest"; sourceTree = BUILT_PRODUCTS_DIR; };
		F3084F852D5D015100C672A7 /* Layout TestUITests.xctest */ = {isa = PBXFileReference; explicitFileType = wrapper.cfbundle; includeInIndex = 0; path = "Layout TestUITests.xctest"; sourceTree = BUILT_PRODUCTS_DIR; };
/* End PBXFileReference section */

/* Begin PBXFileSystemSynchronizedBuildFileExceptionSet section */
		F3084F8D2D5D015100C672A7 /* Exceptions for "Layout Test" folder in "Layout Test" target */ = {
			isa = PBXFileSystemSynchronizedBuildFileExceptionSet;
			membershipExceptions = (
				Info.plist,
			);
			target = F3084F642D5D015000C672A7 /* Layout Test */;
		};
/* End PBXFileSystemSynchronizedBuildFileExceptionSet section */

/* Begin PBXFileSystemSynchronizedRootGroup section */
		F3084F672D5D015000C672A7 /* Layout Test */ = {
			isa = PBXFileSystemSynchronizedRootGroup;
			exceptions = (
				F3084F8D2D5D015100C672A7 /* Exceptions for "Layout Test" folder in "Layout Test" target */,
			);
			path = "Layout Test";
			sourceTree = "<group>";
		};
		F3084F7E2D5D015100C672A7 /* Layout TestTests */ = {
			isa = PBXFileSystemSynchronizedRootGroup;
			path = "Layout TestTests";
			sourceTree = "<group>";
		};
		F3084F882D5D015100C672A7 /* Layout TestUITests */ = {
			isa = PBXFileSystemSynchronizedRootGroup;
			path = "Layout TestUITests";
			sourceTree = "<group>";
		};
/* End PBXFileSystemSynchronizedRootGroup section */

/* Begin PBXFrameworksBuildPhase section */
		F3084F622D5D015000C672A7 /* Frameworks */ = {
			isa = PBXFrameworksBuildPhase;
			buildActionMask = 2147483647;
			files = (
			);
			runOnlyForDeploymentPostprocessing = 0;
		};
		F3084F782D5D015100C672A7 /* Frameworks */ = {
			isa = PBXFrameworksBuildPhase;
			buildActionMask = 2147483647;
			files = (
			);
			runOnlyForDeploymentPostprocessing = 0;
		};
		F3084F822D5D015100C672A7 /* Frameworks */ = {
			isa = PBXFrameworksBuildPhase;
			buildActionMask = 2147483647;
			files = (
			);
			runOnlyForDeploymentPostprocessing = 0;
		};
/* End PBXFrameworksBuildPhase section */

/* Begin PBXGroup section */
		F3084F5C2D5D015000C672A7 = {
			isa = PBXGroup;
			children = (
				F3084F672D5D015000C672A7 /* Layout Test */,
				F3084F7E2D5D015100C672A7 /* Layout TestTests */,
				F3084F882D5D015100C672A7 /* Layout TestUITests */,
				F3084F662D5D015000C672A7 /* Products */,
			);
			sourceTree = "<group>";
		};
		F3084F662D5D015000C672A7 /* Products */ = {
			isa = PBXGroup;
			children = (
				F3084F652D5D015000C672A7 /* Layout Test.app */,
				F3084F7B2D5D015100C672A7 /* Layout TestTests.xctest */,
				F3084F852D5D015100C672A7 /* Layout TestUITests.xctest */,
			);
			name = Products;
			sourceTree = "<group>";
		};
/* End PBXGroup section */

/* Begin PBXNativeTarget section */
		F3084F642D5D015000C672A7 /* Layout Test */ = {
			isa = PBXNativeTarget;
			buildConfigurationList = F3084F8E2D5D015100C672A7 /* Build configuration list for PBXNativeTarget "Layout Test" */;
			buildPhases = (
				F3084F612D5D015000C672A7 /* Sources */,
				F3084F622D5D015000C672A7 /* Frameworks */,
				F3084F632D5D015000C672A7 /* Resources */,
			);
			buildRules = (
			);
			dependencies = (
			);
			fileSystemSynchronizedGroups = (
				F3084F672D5D015000C672A7 /* Layout Test */,
			);
			name = "Layout Test";
			packageProductDependencies = (
			);
			productName = "Layout Test";
			productReference = F3084F652D5D015000C672A7 /* Layout Test.app */;
			productType = "com.apple.product-type.application";
		};
		F3084F7A2D5D015100C672A7 /* Layout TestTests */ = {
			isa = PBXNativeTarget;
			buildConfigurationList = F3084F932D5D015100C672A7 /* Build configuration list for PBXNativeTarget "Layout TestTests" */;
			buildPhases = (
				F3084F772D5D015100C672A7 /* Sources */,
				F3084F782D5D015100C672A7 /* Frameworks */,
				F3084F792D5D015100C672A7 /* Resources */,
			);
			buildRules = (
			);
			dependencies = (
				F3084F7D2D5D015100C672A7 /* PBXTargetDependency */,
			);
			fileSystemSynchronizedGroups = (
				F3084F7E2D5D015100C672A7 /* Layout TestTests */,
			);
			name = "Layout TestTests";
			packageProductDependencies = (
			);
			productName = "Layout TestTests";
			productReference = F3084F7B2D5D015100C672A7 /* Layout TestTests.xctest */;
			productType = "com.apple.product-type.bundle.unit-test";
		};
		F3084F842D5D015100C672A7 /* Layout TestUITests */ = {
			isa = PBXNativeTarget;
			buildConfigurationList = F3084F962D5D015100C672A7 /* Build configuration list for PBXNativeTarget "Layout TestUITests" */;
			buildPhases = (
				F3084F812D5D015100C672A7 /* Sources */,
				F3084F822D5D015100C672A7 /* Frameworks */,
				F3084F832D5D015100C672A7 /* Resources */,
			);
			buildRules = (
			);
			dependencies = (
				F3084F872D5D015100C672A7 /* PBXTargetDependency */,
			);
			fileSystemSynchronizedGroups = (
				F3084F882D5D015100C672A7 /* Layout TestUITests */,
			);
			name = "Layout TestUITests";
			packageProductDependencies = (
			);
			productName = "Layout TestUITests";
			productReference = F3084F852D5D015100C672A7 /* Layout TestUITests.xctest */;
			productType = "com.apple.product-type.bundle.ui-testing";
		};
/* End PBXNativeTarget section */

/* Begin PBXProject section */
		F3084F5D2D5D015000C672A7 /* Project object */ = {
			isa = PBXProject;
			attributes = {
				BuildIndependentTargetsInParallel = 1;
				LastSwiftUpdateCheck = 1600;
				LastUpgradeCheck = 1600;
				TargetAttributes = {
					F3084F642D5D015000C672A7 = {
						CreatedOnToolsVersion = 16.0;
					};
					F3084F7A2D5D015100C672A7 = {
						CreatedOnToolsVersion = 16.0;
						TestTargetID = F3084F642D5D015000C672A7;
					};
					F3084F842D5D015100C672A7 = {
						CreatedOnToolsVersion = 16.0;
						TestTargetID = F3084F642D5D015000C672A7;
					};
				};
			};
			buildConfigurationList = F3084F602D5D015000C672A7 /* Build configuration list for PBXProject "Layout Test" */;
			developmentRegion = en;
			hasScannedForEncodings = 0;
			knownRegions = (
				en,
				Base,
			);
			mainGroup = F3084F5C2D5D015000C672A7;
			minimizedProjectReferenceProxies = 1;
			preferredProjectObjectVersion = 77;
			productRefGroup = F3084F662D5D015000C672A7 /* Products */;
			projectDirPath = "";
			projectRoot = "";
			targets = (
				F3084F642D5D015000C672A7 /* Layout Test */,
				F3084F7A2D5D015100C672A7 /* Layout TestTests */,
				F3084F842D5D015100C672A7 /* Layout TestUITests */,
			);
		};
/* End PBXProject section */

/* Begin PBXResourcesBuildPhase section */
		F3084F632D5D015000C672A7 /* Resources */ = {
			isa = PBXResourcesBuildPhase;
			buildActionMask = 2147483647;
			files = (
			);
			runOnlyForDeploymentPostprocessing = 0;
		};
		F3084F792D5D015100C672A7 /* Resources */ = {
			isa = PBXResourcesBuildPhase;
			buildActionMask = 2147483647;
			files = (
			);
			runOnlyForDeploymentPostprocessing = 0;
		};
		F3084F832D5D015100C672A7 /* Resources */ = {
			isa = PBXResourcesBuildPhase;
			buildActionMask = 2147483647;
			files = (
			);
			runOnlyForDeploymentPostprocessing = 0;
		};
/* End PBXResourcesBuildPhase section */

/* Begin PBXSourcesBuildPhase section */
		F3084F612D5D015000C672A7 /* Sources */ = {
			isa = PBXSourcesBuildPhase;
			buildActionMask = 2147483647;
			files = (
			);
			runOnlyForDeploymentPostprocessing = 0;
		};
		F3084F772D5D015100C672A7 /* Sources */ = {
			isa = PBXSourcesBuildPhase;
			buildActionMask = 2147483647;
			files = (
			);
			runOnlyForDeploymentPostprocessing = 0;
		};
		F3084F812D5D015100C672A7 /* Sources */ = {
			isa = PBXSourcesBuildPhase;
			buildActionMask = 2147483647;
			files = (
			);
			runOnlyForDeploymentPostprocessing = 0;
		};
/* End PBXSourcesBuildPhase section */

/* Begin PBXTargetDependency section */
		F3084F7D2D5D015100C672A7 /* PBXTargetDependency */ = {
			isa = PBXTargetDependency;
			target = F3084F642D5D015000C672A7 /* Layout Test */;
			targetProxy = F3084F7C2D5D015100C672A7 /* PBXContainerItemProxy */;
		};
		F3084F872D5D015100C672A7 /* PBXTargetDependency */ = {
			isa = PBXTargetDependency;
			target = F3084F642D5D015000C672A7 /* Layout Test */;
			targetProxy = F3084F862D5D015100C672A7 /* PBXContainerItemProxy */;
		};
/* End PBXTargetDependency section */

/* Begin XCBuildConfiguration section */
		F3084F8F2D5D015100C672A7 /* Debug */ = {
			isa = XCBuildConfiguration;
			buildSettings = {
				ASSETCATALOG_COMPILER_APPICON_NAME = AppIcon;
				ASSETCATALOG_COMPILER_GLOBAL_ACCENT_COLOR_NAME = AccentColor;
				CODE_SIGN_STYLE = Automatic;
				CURRENT_PROJECT_VERSION = 1;
				DEVELOPMENT_TEAM = N8BTPWQ7L2;
				GENERATE_INFOPLIST_FILE = YES;
				INFOPLIST_FILE = "Layout Test/Info.plist";
				INFOPLIST_KEY_UIApplicationSupportsIndirectInputEvents = YES;
				INFOPLIST_KEY_UILaunchStoryboardName = LaunchScreen;
				INFOPLIST_KEY_UIMainStoryboardFile = Main;
				INFOPLIST_KEY_UISupportedInterfaceOrientations_iPad = "UIInterfaceOrientationPortrait UIInterfaceOrientationPortraitUpsideDown UIInterfaceOrientationLandscapeLeft UIInterfaceOrientationLandscapeRight";
				INFOPLIST_KEY_UISupportedInterfaceOrientations_iPhone = "UIInterfaceOrientationPortrait UIInterfaceOrientationLandscapeLeft UIInterfaceOrientationLandscapeRight";
				LD_RUNPATH_SEARCH_PATHS = (
					"$(inherited)",
					"@executable_path/Frameworks",
				);
				MARKETING_VERSION = 1.0;
				PRODUCT_BUNDLE_IDENTIFIER = "nm.Layout-Test";
				PRODUCT_NAME = "$(TARGET_NAME)";
				SWIFT_EMIT_LOC_STRINGS = YES;
				SWIFT_VERSION = 5.0;
				TARGETED_DEVICE_FAMILY = "1,2";
			};
			name = Debug;
		};
		F3084F902D5D015100C672A7 /* Release */ = {
			isa = XCBuildConfiguration;
			buildSettings = {
				ASSETCATALOG_COMPILER_APPICON_NAME = AppIcon;
				ASSETCATALOG_COMPILER_GLOBAL_ACCENT_COLOR_NAME = AccentColor;
				CODE_SIGN_STYLE = Automatic;
				CURRENT_PROJECT_VERSION = 1;
				DEVELOPMENT_TEAM = N8BTPWQ7L2;
				GENERATE_INFOPLIST_FILE = YES;
				INFOPLIST_FILE = "Layout Test/Info.plist";
				INFOPLIST_KEY_UIApplicationSupportsIndirectInputEvents = YES;
				INFOPLIST_KEY_UILaunchStoryboardName = LaunchScreen;
				INFOPLIST_KEY_UIMainStoryboardFile = Main;
				INFOPLIST_KEY_UISupportedInterfaceOrientations_iPad = "UIInterfaceOrientationPortrait UIInterfaceOrientationPortraitUpsideDown UIInterfaceOrientationLandscapeLeft UIInterfaceOrientationLandscapeRight";
				INFOPLIST_KEY_UISupportedInterfaceOrientations_iPhone = "UIInterfaceOrientationPortrait UIInterfaceOrientationLandscapeLeft UIInterfaceOrientationLandscapeRight";
				LD_RUNPATH_SEARCH_PATHS = (
					"$(inherited)",
					"@executable_path/Frameworks",
				);
				MARKETING_VERSION = 1.0;
				PRODUCT_BUNDLE_IDENTIFIER = "nm.Layout-Test";
				PRODUCT_NAME = "$(TARGET_NAME)";
				SWIFT_EMIT_LOC_STRINGS = YES;
				SWIFT_VERSION = 5.0;
				TARGETED_DEVICE_FAMILY = "1,2";
			};
			name = Release;
		};
		F3084F912D5D015100C672A7 /* Debug */ = {
			isa = XCBuildConfiguration;
			buildSettings = {
				ALWAYS_SEARCH_USER_PATHS = NO;
				ASSETCATALOG_COMPILER_GENERATE_SWIFT_ASSET_SYMBOL_EXTENSIONS = YES;
				CLANG_ANALYZER_NONNULL = YES;
				CLANG_ANALYZER_NUMBER_OBJECT_CONVERSION = YES_AGGRESSIVE;
				CLANG_CXX_LANGUAGE_STANDARD = "gnu++20";
				CLANG_ENABLE_MODULES = YES;
				CLANG_ENABLE_OBJC_ARC = YES;
				CLANG_ENABLE_OBJC_WEAK = YES;
				CLANG_WARN_BLOCK_CAPTURE_AUTORELEASING = YES;
				CLANG_WARN_BOOL_CONVERSION = YES;
				CLANG_WARN_COMMA = YES;
				CLANG_WARN_CONSTANT_CONVERSION = YES;
				CLANG_WARN_DEPRECATED_OBJC_IMPLEMENTATIONS = YES;
				CLANG_WARN_DIRECT_OBJC_ISA_USAGE = YES_ERROR;
				CLANG_WARN_DOCUMENTATION_COMMENTS = YES;
				CLANG_WARN_EMPTY_BODY = YES;
				CLANG_WARN_ENUM_CONVERSION = YES;
				CLANG_WARN_INFINITE_RECURSION = YES;
				CLANG_WARN_INT_CONVERSION = YES;
				CLANG_WARN_NON_LITERAL_NULL_CONVERSION = YES;
				CLANG_WARN_OBJC_IMPLICIT_RETAIN_SELF = YES;
				CLANG_WARN_OBJC_LITERAL_CONVERSION = YES;
				CLANG_WARN_OBJC_ROOT_CLASS = YES_ERROR;
				CLANG_WARN_QUOTED_INCLUDE_IN_FRAMEWORK_HEADER = YES;
				CLANG_WARN_RANGE_LOOP_ANALYSIS = YES;
				CLANG_WARN_STRICT_PROTOTYPES = YES;
				CLANG_WARN_SUSPICIOUS_MOVE = YES;
				CLANG_WARN_UNGUARDED_AVAILABILITY = YES_AGGRESSIVE;
				CLANG_WARN_UNREACHABLE_CODE = YES;
				CLANG_WARN__DUPLICATE_METHOD_MATCH = YES;
				COPY_PHASE_STRIP = NO;
				DEBUG_INFORMATION_FORMAT = dwarf;
				ENABLE_STRICT_OBJC_MSGSEND = YES;
				ENABLE_TESTABILITY = YES;
				ENABLE_USER_SCRIPT_SANDBOXING = YES;
				GCC_C_LANGUAGE_STANDARD = gnu17;
				GCC_DYNAMIC_NO_PIC = NO;
				GCC_NO_COMMON_BLOCKS = YES;
				GCC_OPTIMIZATION_LEVEL = 0;
				GCC_PREPROCESSOR_DEFINITIONS = (
					"DEBUG=1",
					"$(inherited)",
				);
				GCC_WARN_64_TO_32_BIT_CONVERSION = YES;
				GCC_WARN_ABOUT_RETURN_TYPE = YES_ERROR;
				GCC_WARN_UNDECLARED_SELECTOR = YES;
				GCC_WARN_UNINITIALIZED_AUTOS = YES_AGGRESSIVE;
				GCC_WARN_UNUSED_FUNCTION = YES;
				GCC_WARN_UNUSED_VARIABLE = YES;
				IPHONEOS_DEPLOYMENT_TARGET = 18.0;
				LOCALIZATION_PREFERS_STRING_CATALOGS = YES;
				MTL_ENABLE_DEBUG_INFO = INCLUDE_SOURCE;
				MTL_FAST_MATH = YES;
				ONLY_ACTIVE_ARCH = YES;
				SDKROOT = iphoneos;
				SWIFT_ACTIVE_COMPILATION_CONDITIONS = "DEBUG $(inherited)";
				SWIFT_OPTIMIZATION_LEVEL = "-Onone";
			};
			name = Debug;
		};
		F3084F922D5D015100C672A7 /* Release */ = {
			isa = XCBuildConfiguration;
			buildSettings = {
				ALWAYS_SEARCH_USER_PATHS = NO;
				ASSETCATALOG_COMPILER_GENERATE_SWIFT_ASSET_SYMBOL_EXTENSIONS = YES;
				CLANG_ANALYZER_NONNULL = YES;
				CLANG_ANALYZER_NUMBER_OBJECT_CONVERSION = YES_AGGRESSIVE;
				CLANG_CXX_LANGUAGE_STANDARD = "gnu++20";
				CLANG_ENABLE_MODULES = YES;
				CLANG_ENABLE_OBJC_ARC = YES;
				CLANG_ENABLE_OBJC_WEAK = YES;
				CLANG_WARN_BLOCK_CAPTURE_AUTORELEASING = YES;
				CLANG_WARN_BOOL_CONVERSION = YES;
				CLANG_WARN_COMMA = YES;
				CLANG_WARN_CONSTANT_CONVERSION = YES;
				CLANG_WARN_DEPRECATED_OBJC_IMPLEMENTATIONS = YES;
				CLANG_WARN_DIRECT_OBJC_ISA_USAGE = YES_ERROR;
				CLANG_WARN_DOCUMENTATION_COMMENTS = YES;
				CLANG_WARN_EMPTY_BODY = YES;
				CLANG_WARN_ENUM_CONVERSION = YES;
				CLANG_WARN_INFINITE_RECURSION = YES;
				CLANG_WARN_INT_CONVERSION = YES;
				CLANG_WARN_NON_LITERAL_NULL_CONVERSION = YES;
				CLANG_WARN_OBJC_IMPLICIT_RETAIN_SELF = YES;
				CLANG_WARN_OBJC_LITERAL_CONVERSION = YES;
				CLANG_WARN_OBJC_ROOT_CLASS = YES_ERROR;
				CLANG_WARN_QUOTED_INCLUDE_IN_FRAMEWORK_HEADER = YES;
				CLANG_WARN_RANGE_LOOP_ANALYSIS = YES;
				CLANG_WARN_STRICT_PROTOTYPES = YES;
				CLANG_WARN_SUSPICIOUS_MOVE = YES;
				CLANG_WARN_UNGUARDED_AVAILABILITY = YES_AGGRESSIVE;
				CLANG_WARN_UNREACHABLE_CODE = YES;
				CLANG_WARN__DUPLICATE_METHOD_MATCH = YES;
				COPY_PHASE_STRIP = NO;
				DEBUG_INFORMATION_FORMAT = "dwarf-with-dsym";
				ENABLE_NS_ASSERTIONS = NO;
				ENABLE_STRICT_OBJC_MSGSEND = YES;
				ENABLE_USER_SCRIPT_SANDBOXING = YES;
				GCC_C_LANGUAGE_STANDARD = gnu17;
				GCC_NO_COMMON_BLOCKS = YES;
				GCC_WARN_64_TO_32_BIT_CONVERSION = YES;
				GCC_WARN_ABOUT_RETURN_TYPE = YES_ERROR;
				GCC_WARN_UNDECLARED_SELECTOR = YES;
				GCC_WARN_UNINITIALIZED_AUTOS = YES_AGGRESSIVE;
				GCC_WARN_UNUSED_FUNCTION = YES;
				GCC_WARN_UNUSED_VARIABLE = YES;
				IPHONEOS_DEPLOYMENT_TARGET = 18.0;
				LOCALIZATION_PREFERS_STRING_CATALOGS = YES;
				MTL_ENABLE_DEBUG_INFO = NO;
				MTL_FAST_MATH = YES;
				SDKROOT = iphoneos;
				SWIFT_COMPILATION_MODE = wholemodule;
				VALIDATE_PRODUCT = YES;
			};
			name = Release;
		};
		F3084F942D5D015100C672A7 /* Debug */ = {
			isa = XCBuildConfiguration;
			buildSettings = {
				BUNDLE_LOADER = "$(TEST_HOST)";
				CODE_SIGN_STYLE = Automatic;
				CURRENT_PROJECT_VERSION = 1;
				DEVELOPMENT_TEAM = N8BTPWQ7L2;
				GENERATE_INFOPLIST_FILE = YES;
				IPHONEOS_DEPLOYMENT_TARGET = 18.0;
				MARKETING_VERSION = 1.0;
				PRODUCT_BUNDLE_IDENTIFIER = "nm.Layout-TestTests";
				PRODUCT_NAME = "$(TARGET_NAME)";
				SWIFT_EMIT_LOC_STRINGS = NO;
				SWIFT_VERSION = 5.0;
				TARGETED_DEVICE_FAMILY = "1,2";
				TEST_HOST = "$(BUILT_PRODUCTS_DIR)/Layout Test.app/$(BUNDLE_EXECUTABLE_FOLDER_PATH)/Layout Test";
			};
			name = Debug;
		};
		F3084F952D5D015100C672A7 /* Release */ = {
			isa = XCBuildConfiguration;
			buildSettings = {
				BUNDLE_LOADER = "$(TEST_HOST)";
				CODE_SIGN_STYLE = Automatic;
				CURRENT_PROJECT_VERSION = 1;
				DEVELOPMENT_TEAM = N8BTPWQ7L2;
				GENERATE_INFOPLIST_FILE = YES;
				IPHONEOS_DEPLOYMENT_TARGET = 18.0;
				MARKETING_VERSION = 1.0;
				PRODUCT_BUNDLE_IDENTIFIER = "nm.Layout-TestTests";
				PRODUCT_NAME = "$(TARGET_NAME)";
				SWIFT_EMIT_LOC_STRINGS = NO;
				SWIFT_VERSION = 5.0;
				TARGETED_DEVICE_FAMILY = "1,2";
				TEST_HOST = "$(BUILT_PRODUCTS_DIR)/Layout Test.app/$(BUNDLE_EXECUTABLE_FOLDER_PATH)/Layout Test";
			};
			name = Release;
		};
		F3084F972D5D015100C672A7 /* Debug */ = {
			isa = XCBuildConfiguration;
			buildSettings = {
				CODE_SIGN_STYLE = Automatic;
				CURRENT_PROJECT_VERSION = 1;
				DEVELOPMENT_TEAM = N8BTPWQ7L2;
				GENERATE_INFOPLIST_FILE = YES;
				MARKETING_VERSION = 1.0;
				PRODUCT_BUNDLE_IDENTIFIER = "nm.Layout-TestUITests";
				PRODUCT_NAME = "$(TARGET_NAME)";
				SWIFT_EMIT_LOC_STRINGS = NO;
				SWIFT_VERSION = 5.0;
				TARGETED_DEVICE_FAMILY = "1,2";
				TEST_TARGET_NAME = "Layout Test";
			};
			name = Debug;
		};
		F3084F982D5D015100C672A7 /* Release */ = {
			isa = XCBuildConfiguration;
			buildSettings = {
				CODE_SIGN_STYLE = Automatic;
				CURRENT_PROJECT_VERSION = 1;
				DEVELOPMENT_TEAM = N8BTPWQ7L2;
				GENERATE_INFOPLIST_FILE = YES;
				MARKETING_VERSION = 1.0;
				PRODUCT_BUNDLE_IDENTIFIER = "nm.Layout-TestUITests";
				PRODUCT_NAME = "$(TARGET_NAME)";
				SWIFT_EMIT_LOC_STRINGS = NO;
				SWIFT_VERSION = 5.0;
				TARGETED_DEVICE_FAMILY = "1,2";
				TEST_TARGET_NAME = "Layout Test";
			};
			name = Release;
		};
/* End XCBuildConfiguration section */

/* Begin XCConfigurationList section */
		F3084F602D5D015000C672A7 /* Build configuration list for PBXProject "Layout Test" */ = {
			isa = XCConfigurationList;
			buildConfigurations = (
				F3084F912D5D015100C672A7 /* Debug */,
				F3084F922D5D015100C672A7 /* Release */,
			);
			defaultConfigurationIsVisible = 0;
			defaultConfigurationName = Release;
		};
		F3084F8E2D5D015100C672A7 /* Build configuration list for PBXNativeTarget "Layout Test" */ = {
			isa = XCConfigurationList;
			buildConfigurations = (
				F3084F8F2D5D015100C672A7 /* Debug */,
				F3084F902D5D015100C672A7 /* Release */,
			);
			defaultConfigurationIsVisible = 0;
			defaultConfigurationName = Release;
		};
		F3084F932D5D015100C672A7 /* Build configuration list for PBXNativeTarget "Layout TestTests" */ = {
			isa = XCConfigurationList;
			buildConfigurations = (
				F3084F942D5D015100C672A7 /* Debug */,
				F3084F952D5D015100C672A7 /* Release */,
			);
			defaultConfigurationIsVisible = 0;
			defaultConfigurationName = Release;
		};
		F3084F962D5D015100C672A7 /* Build configuration list for PBXNativeTarget "Layout TestUITests" */ = {
			isa = XCConfigurationList;
			buildConfigurations = (
				F3084F972D5D015100C672A7 /* Debug */,
				F3084F982D5D015100C672A7 /* Release */,
			);
			defaultConfigurationIsVisible = 0;
			defaultConfigurationName = Release;
		};
/* End XCConfigurationList section */
	};
	rootObject = F3084F5D2D5D015000C672A7 /* Project object */;
}
